
Microsoft Visual Studio Solution File, Format Version 12.00
# Visual Studio Version 17
VisualStudioVersion = 17.1.32328.378
MinimumVisualStudioVersion = 10.0.40219.1
Project("{FAE04EC0-301F-11D3-BF4B-00C04F79EFBC}") = "Aula01-Jogo", "Aula01-Jogo\Aula01-Jogo.csproj", "{33BE9FEF-53C4-4C1B-962E-C731AAB29DE7}"
EndProject
Global
	GlobalSection(SolutionConfigurationPlatforms) = preSolution
		Debug|Any CPU = Debug|Any CPU
		Release|Any CPU = Release|Any CPU
	EndGlobalSection
	GlobalSection(ProjectConfigurationPlatforms) = postSolution
		{33BE9FEF-53C4-4C1B-962E-C731AAB29DE7}.Debug|Any CPU.ActiveCfg = Debug|Any CPU
		{33BE9FEF-53C4-4C1B-962E-C731AAB29DE7}.Debug|Any CPU.Build.0 = Debug|Any CPU
		{33BE9FEF-53C4-4C1B-962E-C731AAB29DE7}.Release|Any CPU.ActiveCfg = Release|Any CPU
		{33BE9FEF-53C4-4C1B-962E-C731AAB29DE7}.Release|Any CPU.Build.0 = Release|Any CPU
	EndGlobalSection
	GlobalSection(SolutionProperties) = preSolution
		HideSolutionNode = FALSE
	EndGlobalSection
	GlobalSection(ExtensibilityGlobals) = postSolution
		SolutionGuid = {B9286A3E-1002-4A6D-A334-55AAAA3B4BC5}
	EndGlobalSection
EndGlobal
